// !$*UTF8*$!
{
	archiveVersion = 1;
	classes = {
	};
	objectVersion = 46;
	objects = {

/* Begin PBXBuildFile section */
		2E5FACAA1AD5203300E3C771 /* BKStream.m in Sources */ = {isa = PBXBuildFile; fileRef = 2E5FACA91AD5203300E3C771 /* BKStream.m */; };
		2ECD90611AD24B5F0057AC67 /* main.m in Sources */ = {isa = PBXBuildFile; fileRef = 2ECD90601AD24B5F0057AC67 /* main.m */; };
		2ECD90641AD24B5F0057AC67 /* AppDelegate.m in Sources */ = {isa = PBXBuildFile; fileRef = 2ECD90631AD24B5F0057AC67 /* AppDelegate.m */; };
		2ECD906C1AD24B5F0057AC67 /* Images.xcassets in Resources */ = {isa = PBXBuildFile; fileRef = 2ECD906B1AD24B5F0057AC67 /* Images.xcassets */; };
		2ECD906F1AD24B5F0057AC67 /* LaunchScreen.xib in Resources */ = {isa = PBXBuildFile; fileRef = 2ECD906D1AD24B5F0057AC67 /* LaunchScreen.xib */; };
		2ECD907B1AD24B5F0057AC67 /* NetClientTests.m in Sources */ = {isa = PBXBuildFile; fileRef = 2ECD907A1AD24B5F0057AC67 /* NetClientTests.m */; };
		2ECD90861AD24C730057AC67 /* BKTestViewController.m in Sources */ = {isa = PBXBuildFile; fileRef = 2ECD90851AD24C730057AC67 /* BKTestViewController.m */; };
		2EEF90451ADB527C009EE369 /* BKMotion.m in Sources */ = {isa = PBXBuildFile; fileRef = 2EEF90441ADB527C009EE369 /* BKMotion.m */; };
		2EEF90481ADB529F009EE369 /* BKVector.m in Sources */ = {isa = PBXBuildFile; fileRef = 2EEF90471ADB529F009EE369 /* BKVector.m */; };
		2EEF904B1ADB5BC8009EE369 /* BKMotionController.m in Sources */ = {isa = PBXBuildFile; fileRef = 2EEF904A1ADB5BC8009EE369 /* BKMotionController.m */; };
		2EEF904F1ADB64C6009EE369 /* BKMotionController+ServiceBrowser.m in Sources */ = {isa = PBXBuildFile; fileRef = 2EEF904E1ADB64C6009EE369 /* BKMotionController+ServiceBrowser.m */; };
		2EEF90521ADB69F0009EE369 /* BKPacket.m in Sources */ = {isa = PBXBuildFile; fileRef = 2EEF90511ADB69F0009EE369 /* BKPacket.m */; };
/* End PBXBuildFile section */

/* Begin PBXContainerItemProxy section */
		2ECD90751AD24B5F0057AC67 /* PBXContainerItemProxy */ = {
			isa = PBXContainerItemProxy;
			containerPortal = 2ECD90531AD24B5F0057AC67 /* Project object */;
			proxyType = 1;
			remoteGlobalIDString = 2ECD905A1AD24B5F0057AC67;
			remoteInfo = NetClient;
		};
/* End PBXContainerItemProxy section */

/* Begin PBXFileReference section */
		2E5FACA81AD5203300E3C771 /* BKStream.h */ = {isa = PBXFileReference; fileEncoding = 4; lastKnownFileType = sourcecode.c.h; path = BKStream.h; sourceTree = "<group>"; };
		2E5FACA91AD5203300E3C771 /* BKStream.m */ = {isa = PBXFileReference; fileEncoding = 4; lastKnownFileType = sourcecode.c.objc; path = BKStream.m; sourceTree = "<group>"; };
		2ECD905B1AD24B5F0057AC67 /* NetClient.app */ = {isa = PBXFileReference; explicitFileType = wrapper.application; includeInIndex = 0; path = NetClient.app; sourceTree = BUILT_PRODUCTS_DIR; };
		2ECD905F1AD24B5F0057AC67 /* Info.plist */ = {isa = PBXFileReference; lastKnownFileType = text.plist.xml; path = Info.plist; sourceTree = "<group>"; };
		2ECD90601AD24B5F0057AC67 /* main.m */ = {isa = PBXFileReference; lastKnownFileType = sourcecode.c.objc; path = main.m; sourceTree = "<group>"; };
		2ECD90621AD24B5F0057AC67 /* AppDelegate.h */ = {isa = PBXFileReference; lastKnownFileType = sourcecode.c.h; path = AppDelegate.h; sourceTree = "<group>"; };
		2ECD90631AD24B5F0057AC67 /* AppDelegate.m */ = {isa = PBXFileReference; lastKnownFileType = sourcecode.c.objc; path = AppDelegate.m; sourceTree = "<group>"; };
		2ECD906B1AD24B5F0057AC67 /* Images.xcassets */ = {isa = PBXFileReference; lastKnownFileType = folder.assetcatalog; path = Images.xcassets; sourceTree = "<group>"; };
		2ECD906E1AD24B5F0057AC67 /* Base */ = {isa = PBXFileReference; lastKnownFileType = file.xib; name = Base; path = Base.lproj/LaunchScreen.xib; sourceTree = "<group>"; };
		2ECD90741AD24B5F0057AC67 /* NetClientTests.xctest */ = {isa = PBXFileReference; explicitFileType = wrapper.cfbundle; includeInIndex = 0; path = NetClientTests.xctest; sourceTree = BUILT_PRODUCTS_DIR; };
		2ECD90791AD24B5F0057AC67 /* Info.plist */ = {isa = PBXFileReference; lastKnownFileType = text.plist.xml; path = Info.plist; sourceTree = "<group>"; };
		2ECD907A1AD24B5F0057AC67 /* NetClientTests.m */ = {isa = PBXFileReference; lastKnownFileType = sourcecode.c.objc; path = NetClientTests.m; sourceTree = "<group>"; };
		2ECD90841AD24C730057AC67 /* BKTestViewController.h */ = {isa = PBXFileReference; fileEncoding = 4; lastKnownFileType = sourcecode.c.h; path = BKTestViewController.h; sourceTree = "<group>"; };
		2ECD90851AD24C730057AC67 /* BKTestViewController.m */ = {isa = PBXFileReference; fileEncoding = 4; lastKnownFileType = sourcecode.c.objc; path = BKTestViewController.m; sourceTree = "<group>"; };
		2EEF90431ADB527C009EE369 /* BKMotion.h */ = {isa = PBXFileReference; fileEncoding = 4; lastKnownFileType = sourcecode.c.h; path = BKMotion.h; sourceTree = "<group>"; };
		2EEF90441ADB527C009EE369 /* BKMotion.m */ = {isa = PBXFileReference; fileEncoding = 4; lastKnownFileType = sourcecode.c.objc; path = BKMotion.m; sourceTree = "<group>"; };
		2EEF90461ADB529F009EE369 /* BKVector.h */ = {isa = PBXFileReference; fileEncoding = 4; lastKnownFileType = sourcecode.c.h; path = BKVector.h; sourceTree = "<group>"; };
		2EEF90471ADB529F009EE369 /* BKVector.m */ = {isa = PBXFileReference; fileEncoding = 4; lastKnownFileType = sourcecode.c.objc; path = BKVector.m; sourceTree = "<group>"; };
		2EEF90491ADB5BC8009EE369 /* BKMotionController.h */ = {isa = PBXFileReference; fileEncoding = 4; lastKnownFileType = sourcecode.c.h; path = BKMotionController.h; sourceTree = "<group>"; };
		2EEF904A1ADB5BC8009EE369 /* BKMotionController.m */ = {isa = PBXFileReference; fileEncoding = 4; lastKnownFileType = sourcecode.c.objc; path = BKMotionController.m; sourceTree = "<group>"; };
		2EEF904D1ADB64C6009EE369 /* BKMotionController+ServiceBrowser.h */ = {isa = PBXFileReference; fileEncoding = 4; lastKnownFileType = sourcecode.c.h; path = "BKMotionController+ServiceBrowser.h"; sourceTree = "<group>"; };
		2EEF904E1ADB64C6009EE369 /* BKMotionController+ServiceBrowser.m */ = {isa = PBXFileReference; fileEncoding = 4; lastKnownFileType = sourcecode.c.objc; path = "BKMotionController+ServiceBrowser.m"; sourceTree = "<group>"; };
		2EEF90501ADB69F0009EE369 /* BKPacket.h */ = {isa = PBXFileReference; fileEncoding = 4; lastKnownFileType = sourcecode.c.h; path = BKPacket.h; sourceTree = "<group>"; };
		2EEF90511ADB69F0009EE369 /* BKPacket.m */ = {isa = PBXFileReference; fileEncoding = 4; lastKnownFileType = sourcecode.c.objc; path = BKPacket.m; sourceTree = "<group>"; };
/* End PBXFileReference section */

/* Begin PBXFrameworksBuildPhase section */
		2ECD90581AD24B5F0057AC67 /* Frameworks */ = {
			isa = PBXFrameworksBuildPhase;
			buildActionMask = 2147483647;
			files = (
			);
			runOnlyForDeploymentPostprocessing = 0;
		};
		2ECD90711AD24B5F0057AC67 /* Frameworks */ = {
			isa = PBXFrameworksBuildPhase;
			buildActionMask = 2147483647;
			files = (
			);
			runOnlyForDeploymentPostprocessing = 0;
		};
/* End PBXFrameworksBuildPhase section */

/* Begin PBXGroup section */
		2ECD90521AD24B5F0057AC67 = {
			isa = PBXGroup;
			children = (
				2ECD905D1AD24B5F0057AC67 /* NetClient */,
				2ECD90771AD24B5F0057AC67 /* NetClientTests */,
				2ECD905C1AD24B5F0057AC67 /* Products */,
			);
			sourceTree = "<group>";
		};
		2ECD905C1AD24B5F0057AC67 /* Products */ = {
			isa = PBXGroup;
			children = (
				2ECD905B1AD24B5F0057AC67 /* NetClient.app */,
				2ECD90741AD24B5F0057AC67 /* NetClientTests.xctest */,
			);
			name = Products;
			sourceTree = "<group>";
		};
		2ECD905D1AD24B5F0057AC67 /* NetClient */ = {
			isa = PBXGroup;
			children = (
				2EEF904C1ADB5C46009EE369 /* Model */,
				2ECD90621AD24B5F0057AC67 /* AppDelegate.h */,
				2ECD90631AD24B5F0057AC67 /* AppDelegate.m */,
				2ECD90841AD24C730057AC67 /* BKTestViewController.h */,
				2ECD90851AD24C730057AC67 /* BKTestViewController.m */,
				2ECD906B1AD24B5F0057AC67 /* Images.xcassets */,
				2ECD906D1AD24B5F0057AC67 /* LaunchScreen.xib */,
				2ECD905E1AD24B5F0057AC67 /* Supporting Files */,
			);
			path = NetClient;
			sourceTree = "<group>";
		};
		2ECD905E1AD24B5F0057AC67 /* Supporting Files */ = {
			isa = PBXGroup;
			children = (
				2ECD905F1AD24B5F0057AC67 /* Info.plist */,
				2ECD90601AD24B5F0057AC67 /* main.m */,
			);
			name = "Supporting Files";
			sourceTree = "<group>";
		};
		2ECD90771AD24B5F0057AC67 /* NetClientTests */ = {
			isa = PBXGroup;
			children = (
				2ECD907A1AD24B5F0057AC67 /* NetClientTests.m */,
				2ECD90781AD24B5F0057AC67 /* Supporting Files */,
			);
			path = NetClientTests;
			sourceTree = "<group>";
		};
		2ECD90781AD24B5F0057AC67 /* Supporting Files */ = {
			isa = PBXGroup;
			children = (
				2ECD90791AD24B5F0057AC67 /* Info.plist */,
			);
			name = "Supporting Files";
			sourceTree = "<group>";
		};
		2EEF904C1ADB5C46009EE369 /* Model */ = {
			isa = PBXGroup;
			children = (
				2E5FACA81AD5203300E3C771 /* BKStream.h */,
				2E5FACA91AD5203300E3C771 /* BKStream.m */,
				2EEF90431ADB527C009EE369 /* BKMotion.h */,
				2EEF90441ADB527C009EE369 /* BKMotion.m */,
				2EEF90461ADB529F009EE369 /* BKVector.h */,
				2EEF90471ADB529F009EE369 /* BKVector.m */,
				2EEF90491ADB5BC8009EE369 /* BKMotionController.h */,
				2EEF904A1ADB5BC8009EE369 /* BKMotionController.m */,
				2EEF904D1ADB64C6009EE369 /* BKMotionController+ServiceBrowser.h */,
				2EEF904E1ADB64C6009EE369 /* BKMotionController+ServiceBrowser.m */,
				2EEF90501ADB69F0009EE369 /* BKPacket.h */,
				2EEF90511ADB69F0009EE369 /* BKPacket.m */,
			);
			name = Model;
			sourceTree = "<group>";
		};
/* End PBXGroup section */

/* Begin PBXNativeTarget section */
		2ECD905A1AD24B5F0057AC67 /* NetClient */ = {
			isa = PBXNativeTarget;
			buildConfigurationList = 2ECD907E1AD24B5F0057AC67 /* Build configuration list for PBXNativeTarget "NetClient" */;
			buildPhases = (
				2ECD90571AD24B5F0057AC67 /* Sources */,
				2ECD90581AD24B5F0057AC67 /* Frameworks */,
				2ECD90591AD24B5F0057AC67 /* Resources */,
			);
			buildRules = (
			);
			dependencies = (
			);
			name = NetClient;
			productName = NetClient;
			productReference = 2ECD905B1AD24B5F0057AC67 /* NetClient.app */;
			productType = "com.apple.product-type.application";
		};
		2ECD90731AD24B5F0057AC67 /* NetClientTests */ = {
			isa = PBXNativeTarget;
			buildConfigurationList = 2ECD90811AD24B5F0057AC67 /* Build configuration list for PBXNativeTarget "NetClientTests" */;
			buildPhases = (
				2ECD90701AD24B5F0057AC67 /* Sources */,
				2ECD90711AD24B5F0057AC67 /* Frameworks */,
				2ECD90721AD24B5F0057AC67 /* Resources */,
			);
			buildRules = (
			);
			dependencies = (
				2ECD90761AD24B5F0057AC67 /* PBXTargetDependency */,
			);
			name = NetClientTests;
			productName = NetClientTests;
			productReference = 2ECD90741AD24B5F0057AC67 /* NetClientTests.xctest */;
			productType = "com.apple.product-type.bundle.unit-test";
		};
/* End PBXNativeTarget section */

/* Begin PBXProject section */
		2ECD90531AD24B5F0057AC67 /* Project object */ = {
			isa = PBXProject;
			attributes = {
				LastUpgradeCheck = 0620;
				ORGANIZATIONNAME = cgkim;
				TargetAttributes = {
					2ECD905A1AD24B5F0057AC67 = {
						CreatedOnToolsVersion = 6.2;
						DevelopmentTeam = F5NU2PA3PK;
					};
					2ECD90731AD24B5F0057AC67 = {
						CreatedOnToolsVersion = 6.2;
						TestTargetID = 2ECD905A1AD24B5F0057AC67;
					};
				};
			};
			buildConfigurationList = 2ECD90561AD24B5F0057AC67 /* Build configuration list for PBXProject "NetClient" */;
			compatibilityVersion = "Xcode 3.2";
			developmentRegion = English;
			hasScannedForEncodings = 0;
			knownRegions = (
				en,
				Base,
			);
			mainGroup = 2ECD90521AD24B5F0057AC67;
			productRefGroup = 2ECD905C1AD24B5F0057AC67 /* Products */;
			projectDirPath = "";
			projectRoot = "";
			targets = (
				2ECD905A1AD24B5F0057AC67 /* NetClient */,
				2ECD90731AD24B5F0057AC67 /* NetClientTests */,
			);
		};
/* End PBXProject section */

/* Begin PBXResourcesBuildPhase section */
		2ECD90591AD24B5F0057AC67 /* Resources */ = {
			isa = PBXResourcesBuildPhase;
			buildActionMask = 2147483647;
			files = (
				2ECD906F1AD24B5F0057AC67 /* LaunchScreen.xib in Resources */,
				2ECD906C1AD24B5F0057AC67 /* Images.xcassets in Resources */,
			);
			runOnlyForDeploymentPostprocessing = 0;
		};
		2ECD90721AD24B5F0057AC67 /* Resources */ = {
			isa = PBXResourcesBuildPhase;
			buildActionMask = 2147483647;
			files = (
			);
			runOnlyForDeploymentPostprocessing = 0;
		};
/* End PBXResourcesBuildPhase section */

/* Begin PBXSourcesBuildPhase section */
		2ECD90571AD24B5F0057AC67 /* Sources */ = {
			isa = PBXSourcesBuildPhase;
			buildActionMask = 2147483647;
			files = (
				2ECD90641AD24B5F0057AC67 /* AppDelegate.m in Sources */,
				2EEF90451ADB527C009EE369 /* BKMotion.m in Sources */,
				2ECD90611AD24B5F0057AC67 /* main.m in Sources */,
				2EEF90521ADB69F0009EE369 /* BKPacket.m in Sources */,
				2EEF90481ADB529F009EE369 /* BKVector.m in Sources */,
				2E5FACAA1AD5203300E3C771 /* BKStream.m in Sources */,
				2EEF904F1ADB64C6009EE369 /* BKMotionController+ServiceBrowser.m in Sources */,
				2EEF904B1ADB5BC8009EE369 /* BKMotionController.m in Sources */,
				2ECD90861AD24C730057AC67 /* BKTestViewController.m in Sources */,
			);
			runOnlyForDeploymentPostprocessing = 0;
		};
		2ECD90701AD24B5F0057AC67 /* Sources */ = {
			isa = PBXSourcesBuildPhase;
			buildActionMask = 2147483647;
			files = (
				2ECD907B1AD24B5F0057AC67 /* NetClientTests.m in Sources */,
			);
			runOnlyForDeploymentPostprocessing = 0;
		};
/* End PBXSourcesBuildPhase section */

/* Begin PBXTargetDependency section */
		2ECD90761AD24B5F0057AC67 /* PBXTargetDependency */ = {
			isa = PBXTargetDependency;
			target = 2ECD905A1AD24B5F0057AC67 /* NetClient */;
			targetProxy = 2ECD90751AD24B5F0057AC67 /* PBXContainerItemProxy */;
		};
/* End PBXTargetDependency section */

/* Begin PBXVariantGroup section */
		2ECD906D1AD24B5F0057AC67 /* LaunchScreen.xib */ = {
			isa = PBXVariantGroup;
			children = (
				2ECD906E1AD24B5F0057AC67 /* Base */,
			);
			name = LaunchScreen.xib;
			sourceTree = "<group>";
		};
/* End PBXVariantGroup section */

/* Begin XCBuildConfiguration section */
		2ECD907C1AD24B5F0057AC67 /* Debug */ = {
			isa = XCBuildConfiguration;
			buildSettings = {
				ALWAYS_SEARCH_USER_PATHS = NO;
				CLANG_CXX_LANGUAGE_STANDARD = "gnu++0x";
				CLANG_CXX_LIBRARY = "libc++";
				CLANG_ENABLE_MODULES = YES;
				CLANG_ENABLE_OBJC_ARC = YES;
				CLANG_WARN_BOOL_CONVERSION = YES;
				CLANG_WARN_CONSTANT_CONVERSION = YES;
				CLANG_WARN_DIRECT_OBJC_ISA_USAGE = YES_ERROR;
				CLANG_WARN_EMPTY_BODY = YES;
				CLANG_WARN_ENUM_CONVERSION = YES;
				CLANG_WARN_INT_CONVERSION = YES;
				CLANG_WARN_OBJC_ROOT_CLASS = YES_ERROR;
				CLANG_WARN_UNREACHABLE_CODE = YES;
				CLANG_WARN__DUPLICATE_METHOD_MATCH = YES;
				"CODE_SIGN_IDENTITY[sdk=iphoneos*]" = "iPhone Developer";
				COPY_PHASE_STRIP = NO;
				ENABLE_STRICT_OBJC_MSGSEND = YES;
				GCC_C_LANGUAGE_STANDARD = gnu99;
				GCC_DYNAMIC_NO_PIC = NO;
				GCC_OPTIMIZATION_LEVEL = 0;
				GCC_PREPROCESSOR_DEFINITIONS = (
					"DEBUG=1",
					"$(inherited)",
				);
				GCC_SYMBOLS_PRIVATE_EXTERN = NO;
				GCC_WARN_64_TO_32_BIT_CONVERSION = YES;
				GCC_WARN_ABOUT_RETURN_TYPE = YES_ERROR;
				GCC_WARN_UNDECLARED_SELECTOR = YES;
				GCC_WARN_UNINITIALIZED_AUTOS = YES_AGGRESSIVE;
				GCC_WARN_UNUSED_FUNCTION = YES;
				GCC_WARN_UNUSED_VARIABLE = YES;
				IPHONEOS_DEPLOYMENT_TARGET = 8.2;
				MTL_ENABLE_DEBUG_INFO = YES;
				ONLY_ACTIVE_ARCH = YES;
				SDKROOT = iphoneos;
			};
			name = Debug;
		};
		2ECD907D1AD24B5F0057AC67 /* Release */ = {
			isa = XCBuildConfiguration;
			buildSettings = {
				ALWAYS_SEARCH_USER_PATHS = NO;
				CLANG_CXX_LANGUAGE_STANDARD = "gnu++0x";
				CLANG_CXX_LIBRARY = "libc++";
				CLANG_ENABLE_MODULES = YES;
				CLANG_ENABLE_OBJC_ARC = YES;
				CLANG_WARN_BOOL_CONVERSION = YES;
				CLANG_WARN_CONSTANT_CONVERSION = YES;
				CLANG_WARN_DIRECT_OBJC_ISA_USAGE = YES_ERROR;
				CLANG_WARN_EMPTY_BODY = YES;
				CLANG_WARN_ENUM_CONVERSION = YES;
				CLANG_WARN_INT_CONVERSION = YES;
				CLANG_WARN_OBJC_ROOT_CLASS = YES_ERROR;
				CLANG_WARN_UNREACHABLE_CODE = YES;
				CLANG_WARN__DUPLICATE_METHOD_MATCH = YES;
				"CODE_SIGN_IDENTITY[sdk=iphoneos*]" = "iPhone Developer";
				COPY_PHASE_STRIP = NO;
				ENABLE_NS_ASSERTIONS = NO;
				ENABLE_STRICT_OBJC_MSGSEND = YES;
				GCC_C_LANGUAGE_STANDARD = gnu99;
				GCC_WARN_64_TO_32_BIT_CONVERSION = YES;
				GCC_WARN_ABOUT_RETURN_TYPE = YES_ERROR;
				GCC_WARN_UNDECLARED_SELECTOR = YES;
				GCC_WARN_UNINITIALIZED_AUTOS = YES_AGGRESSIVE;
				GCC_WARN_UNUSED_FUNCTION = YES;
				GCC_WARN_UNUSED_VARIABLE = YES;
				IPHONEOS_DEPLOYMENT_TARGET = 8.2;
				MTL_ENABLE_DEBUG_INFO = NO;
				SDKROOT = iphoneos;
				VALIDATE_PRODUCT = YES;
			};
			name = Release;
		};
		2ECD907F1AD24B5F0057AC67 /* Debug */ = {
			isa = XCBuildConfiguration;
			buildSettings = {
				ASSETCATALOG_COMPILER_APPICON_NAME = AppIcon;
				CLANG_ENABLE_OBJC_ARC = NO;
				CODE_SIGN_IDENTITY = "iPhone Developer";
				INFOPLIST_FILE = NetClient/Info.plist;
				IPHONEOS_DEPLOYMENT_TARGET = 7.0;
				LD_RUNPATH_SEARCH_PATHS = "$(inherited) @executable_path/Frameworks";
				PRODUCT_NAME = "$(TARGET_NAME)";
			};
			name = Debug;
		};
		2ECD90801AD24B5F0057AC67 /* Release */ = {
			isa = XCBuildConfiguration;
			buildSettings = {
				ASSETCATALOG_COMPILER_APPICON_NAME = AppIcon;
				CLANG_ENABLE_OBJC_ARC = NO;
				CODE_SIGN_IDENTITY = "iPhone Developer";
				INFOPLIST_FILE = NetClient/Info.plist;
				IPHONEOS_DEPLOYMENT_TARGET = 7.0;
				LD_RUNPATH_SEARCH_PATHS = "$(inherited) @executable_path/Frameworks";
				PRODUCT_NAME = "$(TARGET_NAME)";
			};
			name = Release;
		};
		2ECD90821AD24B5F0057AC67 /* Debug */ = {
			isa = XCBuildConfiguration;
			buildSettings = {
				BUNDLE_LOADER = "$(TEST_HOST)";
				FRAMEWORK_SEARCH_PATHS = (
					"$(SDKROOT)/Developer/Library/Frameworks",
					"$(inherited)",
				);
				GCC_PREPROCESSOR_DEFINITIONS = (
					"DEBUG=1",
					"$(inherited)",
				);
				INFOPLIST_FILE = NetClientTests/Info.plist;
				LD_RUNPATH_SEARCH_PATHS = "$(inherited) @executable_path/Frameworks @loader_path/Frameworks";
				PRODUCT_NAME = "$(TARGET_NAME)";
				TEST_HOST = "$(BUILT_PRODUCTS_DIR)/NetClient.app/NetClient";
			};
			name = Debug;
		};
		2ECD90831AD24B5F0057AC67 /* Release */ = {
			isa = XCBuildConfiguration;
			buildSettings = {
				BUNDLE_LOADER = "$(TEST_HOST)";
				FRAMEWORK_SEARCH_PATHS = (
					"$(SDKROOT)/Developer/Library/Frameworks",
					"$(inherited)",
				);
				INFOPLIST_FILE = NetClientTests/Info.plist;
				LD_RUNPATH_SEARCH_PATHS = "$(inherited) @executable_path/Frameworks @loader_path/Frameworks";
				PRODUCT_NAME = "$(TARGET_NAME)";
				TEST_HOST = "$(BUILT_PRODUCTS_DIR)/NetClient.app/NetClient";
			};
			name = Release;
		};
/* End XCBuildConfiguration section */

/* Begin XCConfigurationList section */
		2ECD90561AD24B5F0057AC67 /* Build configuration list for PBXProject "NetClient" */ = {
			isa = XCConfigurationList;
			buildConfigurations = (
				2ECD907C1AD24B5F0057AC67 /* Debug */,
				2ECD907D1AD24B5F0057AC67 /* Release */,
			);
			defaultConfigurationIsVisible = 0;
			defaultConfigurationName = Release;
		};
		2ECD907E1AD24B5F0057AC67 /* Build configuration list for PBXNativeTarget "NetClient" */ = {
			isa = XCConfigurationList;
			buildConfigurations = (
				2ECD907F1AD24B5F0057AC67 /* Debug */,
				2ECD90801AD24B5F0057AC67 /* Release */,
			);
			defaultConfigurationIsVisible = 0;
			defaultConfigurationName = Release;
		};
		2ECD90811AD24B5F0057AC67 /* Build configuration list for PBXNativeTarget "NetClientTests" */ = {
			isa = XCConfigurationList;
			buildConfigurations = (
				2ECD90821AD24B5F0057AC67 /* Debug */,
				2ECD90831AD24B5F0057AC67 /* Release */,
			);
			defaultConfigurationIsVisible = 0;
			defaultConfigurationName = Release;
		};
/* End XCConfigurationList section */
	};
	rootObject = 2ECD90531AD24B5F0057AC67 /* Project object */;
}
